# pnpm lockfile version 5
registry: https://registry.npmjs.org/
dependencies:
  passport-jwt@4.0.1:
    resolution:
      integrity: sha512-7ioXtX0mVztDnxM+NFY+n7P/4xDz5+5MFfnZ08/4G7jJN9Q+4b3a4NCKtsKwE27nCJb1zGZfDj7cGtX1+VGOA==
      tarball: https://registry.npmjs.org/passport-jwt/-/passport-jwt-4.0.1.tgz
    dependencies:
      jsonwebtoken: 9.1.2
      jws: 4.0.0
      lodash.clonedeep: 4.5.0
      lodash.merge: 4.6.2
      passport-strategy: 1.0.0
      passport: 0.4.1

  jsonwebtoken@9.1.2:
    resolution:
      integrity: sha512-9l/Oz+1K1WANxB8lpnMVSd41hRilhQEW3bBq/iq6YXU6HxU6KkANpXP4qvY+nYYVkNwRou5B/qSSTJG12fB9Q==
      tarball: https://registry.npmjs.org/jsonwebtoken/-/jsonwebtoken-9.1.2.tgz
    dependencies:
      "@types/jsonwebtoken": 8.5.3
      "@types/node": 14.14.41
